
Microsoft Visual Studio Solution File, Format Version 12.00
# Visual Studio Version 17
VisualStudioVersion = 17.6.33815.320
MinimumVisualStudioVersion = 10.0.40219.1
Project("{FAE04EC0-301F-11D3-BF4B-00C04F79EFBC}") = "SahilCRUD", "SahilCRUD\SahilCRUD.csproj", "{D9D21564-C8D5-4CAC-9A97-6DE4C5C98BBB}"
EndProject
Global
	GlobalSection(SolutionConfigurationPlatforms) = preSolution
		Debug|Any CPU = Debug|Any CPU
		Release|Any CPU = Release|Any CPU
	EndGlobalSection
	GlobalSection(ProjectConfigurationPlatforms) = postSolution
		{D9D21564-C8D5-4CAC-9A97-6DE4C5C98BBB}.Debug|Any CPU.ActiveCfg = Debug|Any CPU
		{D9D21564-C8D5-4CAC-9A97-6DE4C5C98BBB}.Debug|Any CPU.Build.0 = Debug|Any CPU
		{D9D21564-C8D5-4CAC-9A97-6DE4C5C98BBB}.Release|Any CPU.ActiveCfg = Release|Any CPU
		{D9D21564-C8D5-4CAC-9A97-6DE4C5C98BBB}.Release|Any CPU.Build.0 = Release|Any CPU
	EndGlobalSection
	GlobalSection(SolutionProperties) = preSolution
		HideSolutionNode = FALSE
	EndGlobalSection
	GlobalSection(ExtensibilityGlobals) = postSolution
		SolutionGuid = {3CEAB11D-C906-4D5B-AE97-C287FC07F0BC}
	EndGlobalSection
EndGlobal
